
Microsoft Visual Studio Solution File, Format Version 12.00
# Visual Studio Version 16
VisualStudioVersion = 16.0.30523.141
MinimumVisualStudioVersion = 10.0.40219.1
Project("{FAE04EC0-301F-11D3-BF4B-00C04F79EFBC}") = "BaiThucHanhBuoi1", "BaiThucHanhBuoi1\BaiThucHanhBuoi1.csproj", "{580E383F-16EE-495E-B78E-9D3E4D65A261}"
EndProject
Project("{FAE04EC0-301F-11D3-BF4B-00C04F79EFBC}") = "Bai2", "Bai2\Bai2.csproj", "{54916CB6-A58F-4F32-88A7-FD7A16D56A4D}"
EndProject
Global
	GlobalSection(SolutionConfigurationPlatforms) = preSolution
		Debug|Any CPU = Debug|Any CPU
		Release|Any CPU = Release|Any CPU
	EndGlobalSection
	GlobalSection(ProjectConfigurationPlatforms) = postSolution
		{580E383F-16EE-495E-B78E-9D3E4D65A261}.Debug|Any CPU.ActiveCfg = Debug|Any CPU
		{580E383F-16EE-495E-B78E-9D3E4D65A261}.Debug|Any CPU.Build.0 = Debug|Any CPU
		{580E383F-16EE-495E-B78E-9D3E4D65A261}.Release|Any CPU.ActiveCfg = Release|Any CPU
		{580E383F-16EE-495E-B78E-9D3E4D65A261}.Release|Any CPU.Build.0 = Release|Any CPU
		{54916CB6-A58F-4F32-88A7-FD7A16D56A4D}.Debug|Any CPU.ActiveCfg = Debug|Any CPU
		{54916CB6-A58F-4F32-88A7-FD7A16D56A4D}.Debug|Any CPU.Build.0 = Debug|Any CPU
		{54916CB6-A58F-4F32-88A7-FD7A16D56A4D}.Release|Any CPU.ActiveCfg = Release|Any CPU
		{54916CB6-A58F-4F32-88A7-FD7A16D56A4D}.Release|Any CPU.Build.0 = Release|Any CPU
	EndGlobalSection
	GlobalSection(SolutionProperties) = preSolution
		HideSolutionNode = FALSE
	EndGlobalSection
	GlobalSection(ExtensibilityGlobals) = postSolution
		SolutionGuid = {36018C69-6D0D-4CD6-9796-A6FF46322CB9}
	EndGlobalSection
EndGlobal
